// !$*UTF8*$!
{
	archiveVersion = 1;
	classes = {
	};
	objectVersion = 46;
	objects = {

/* Begin PBXBuildFile section */
		D53458361B842C1A002F5326 /* AppDelegate.swift in Sources */ = {isa = PBXBuildFile; fileRef = D53458351B842C1A002F5326 /* AppDelegate.swift */; };
		D53458381B842C1A002F5326 /* ViewController.swift in Sources */ = {isa = PBXBuildFile; fileRef = D53458371B842C1A002F5326 /* ViewController.swift */; };
		D534583B1B842C1A002F5326 /* Main.storyboard in Resources */ = {isa = PBXBuildFile; fileRef = D53458391B842C1A002F5326 /* Main.storyboard */; };
		D534583D1B842C1A002F5326 /* Assets.xcassets in Resources */ = {isa = PBXBuildFile; fileRef = D534583C1B842C1A002F5326 /* Assets.xcassets */; };
		D53458401B842C1A002F5326 /* LaunchScreen.storyboard in Resources */ = {isa = PBXBuildFile; fileRef = D534583E1B842C1A002F5326 /* LaunchScreen.storyboard */; };
/* End PBXBuildFile section */

/* Begin PBXFileReference section */
		D53458321B842C1A002F5326 /* The Guessing Game.app */ = {isa = PBXFileReference; explicitFileType = wrapper.application; includeInIndex = 0; path = "The Guessing Game.app"; sourceTree = BUILT_PRODUCTS_DIR; };
		D53458351B842C1A002F5326 /* AppDelegate.swift */ = {isa = PBXFileReference; lastKnownFileType = sourcecode.swift; path = AppDelegate.swift; sourceTree = "<group>"; };
		D53458371B842C1A002F5326 /* ViewController.swift */ = {isa = PBXFileReference; lastKnownFileType = sourcecode.swift; path = ViewController.swift; sourceTree = "<group>"; };
		D534583A1B842C1A002F5326 /* Base */ = {isa = PBXFileReference; lastKnownFileType = file.storyboard; name = Base; path = Base.lproj/Main.storyboard; sourceTree = "<group>"; };
		D534583C1B842C1A002F5326 /* Assets.xcassets */ = {isa = PBXFileReference; lastKnownFileType = folder.assetcatalog; path = Assets.xcassets; sourceTree = "<group>"; };
		D534583F1B842C1A002F5326 /* Base */ = {isa = PBXFileReference; lastKnownFileType = file.storyboard; name = Base; path = Base.lproj/LaunchScreen.storyboard; sourceTree = "<group>"; };
		D53458411B842C1A002F5326 /* Info.plist */ = {isa = PBXFileReference; lastKnownFileType = text.plist.xml; path = Info.plist; sourceTree = "<group>"; };
/* End PBXFileReference section */

/* Begin PBXFrameworksBuildPhase section */
		D534582F1B842C1A002F5326 /* Frameworks */ = {
			isa = PBXFrameworksBuildPhase;
			buildActionMask = 2147483647;
			files = (
			);
			runOnlyForDeploymentPostprocessing = 0;
		};
/* End PBXFrameworksBuildPhase section */

/* Begin PBXGroup section */
		D53458291B842C1A002F5326 = {
			isa = PBXGroup;
			children = (
				D53458341B842C1A002F5326 /* The Guessing Game */,
				D53458331B842C1A002F5326 /* Products */,
			);
			sourceTree = "<group>";
		};
		D53458331B842C1A002F5326 /* Products */ = {
			isa = PBXGroup;
			children = (
				D53458321B842C1A002F5326 /* The Guessing Game.app */,
			);
			name = Products;
			sourceTree = "<group>";
		};
		D53458341B842C1A002F5326 /* The Guessing Game */ = {
			isa = PBXGroup;
			children = (
				D53458351B842C1A002F5326 /* AppDelegate.swift */,
				D53458371B842C1A002F5326 /* ViewController.swift */,
				D53458391B842C1A002F5326 /* Main.storyboard */,
				D534583C1B842C1A002F5326 /* Assets.xcassets */,
				D534583E1B842C1A002F5326 /* LaunchScreen.storyboard */,
				D53458411B842C1A002F5326 /* Info.plist */,
			);
			path = "The Guessing Game";
			sourceTree = "<group>";
		};
/* End PBXGroup section */

/* Begin PBXNativeTarget section */
		D53458311B842C1A002F5326 /* The Guessing Game */ = {
			isa = PBXNativeTarget;
			buildConfigurationList = D53458441B842C1A002F5326 /* Build configuration list for PBXNativeTarget "The Guessing Game" */;
			buildPhases = (
				D534582E1B842C1A002F5326 /* Sources */,
				D534582F1B842C1A002F5326 /* Frameworks */,
				D53458301B842C1A002F5326 /* Resources */,
			);
			buildRules = (
			);
			dependencies = (
			);
			name = "The Guessing Game";
			productName = "The Guessing Game";
			productReference = D53458321B842C1A002F5326 /* The Guessing Game.app */;
			productType = "com.apple.product-type.application";
		};
/* End PBXNativeTarget section */

/* Begin PBXProject section */
		D534582A1B842C1A002F5326 /* Project object */ = {
			isa = PBXProject;
			attributes = {
				LastUpgradeCheck = 0700;
				ORGANIZATIONNAME = TheRohanSachdev;
				TargetAttributes = {
					D53458311B842C1A002F5326 = {
						CreatedOnToolsVersion = 7.0;
					};
				};
			};
			buildConfigurationList = D534582D1B842C1A002F5326 /* Build configuration list for PBXProject "The Guessing Game" */;
			compatibilityVersion = "Xcode 3.2";
			developmentRegion = English;
			hasScannedForEncodings = 0;
			knownRegions = (
				en,
				Base,
			);
			mainGroup = D53458291B842C1A002F5326;
			productRefGroup = D53458331B842C1A002F5326 /* Products */;
			projectDirPath = "";
			projectRoot = "";
			targets = (
				D53458311B842C1A002F5326 /* The Guessing Game */,
			);
		};
/* End PBXProject section */

/* Begin PBXResourcesBuildPhase section */
		D53458301B842C1A002F5326 /* Resources */ = {
			isa = PBXResourcesBuildPhase;
			buildActionMask = 2147483647;
			files = (
				D53458401B842C1A002F5326 /* LaunchScreen.storyboard in Resources */,
				D534583D1B842C1A002F5326 /* Assets.xcassets in Resources */,
				D534583B1B842C1A002F5326 /* Main.storyboard in Resources */,
			);
			runOnlyForDeploymentPostprocessing = 0;
		};
/* End PBXResourcesBuildPhase section */

/* Begin PBXSourcesBuildPhase section */
		D534582E1B842C1A002F5326 /* Sources */ = {
			isa = PBXSourcesBuildPhase;
			buildActionMask = 2147483647;
			files = (
				D53458381B842C1A002F5326 /* ViewController.swift in Sources */,
				D53458361B842C1A002F5326 /* AppDelegate.swift in Sources */,
			);
			runOnlyForDeploymentPostprocessing = 0;
		};
/* End PBXSourcesBuildPhase section */

/* Begin PBXVariantGroup section */
		D53458391B842C1A002F5326 /* Main.storyboard */ = {
			isa = PBXVariantGroup;
			children = (
				D534583A1B842C1A002F5326 /* Base */,
			);
			name = Main.storyboard;
			sourceTree = "<group>";
		};
		D534583E1B842C1A002F5326 /* LaunchScreen.storyboard */ = {
			isa = PBXVariantGroup;
			children = (
				D534583F1B842C1A002F5326 /* Base */,
			);
			name = LaunchScreen.storyboard;
			sourceTree = "<group>";
		};
/* End PBXVariantGroup section */

/* Begin XCBuildConfiguration section */
		D53458421B842C1A002F5326 /* Debug */ = {
			isa = XCBuildConfiguration;
			buildSettings = {
				ALWAYS_SEARCH_USER_PATHS = NO;
				CLANG_CXX_LANGUAGE_STANDARD = "gnu++0x";
				CLANG_CXX_LIBRARY = "libc++";
				CLANG_ENABLE_MODULES = YES;
				CLANG_ENABLE_OBJC_ARC = YES;
				CLANG_WARN_BOOL_CONVERSION = YES;
				CLANG_WARN_CONSTANT_CONVERSION = YES;
				CLANG_WARN_DIRECT_OBJC_ISA_USAGE = YES_ERROR;
				CLANG_WARN_EMPTY_BODY = YES;
				CLANG_WARN_ENUM_CONVERSION = YES;
				CLANG_WARN_INT_CONVERSION = YES;
				CLANG_WARN_OBJC_ROOT_CLASS = YES_ERROR;
				CLANG_WARN_UNREACHABLE_CODE = YES;
				CLANG_WARN__DUPLICATE_METHOD_MATCH = YES;
				"CODE_SIGN_IDENTITY[sdk=iphoneos*]" = "iPhone Developer";
				COPY_PHASE_STRIP = NO;
				DEBUG_INFORMATION_FORMAT = dwarf;
				ENABLE_STRICT_OBJC_MSGSEND = YES;
				ENABLE_TESTABILITY = YES;
				GCC_C_LANGUAGE_STANDARD = gnu99;
				GCC_DYNAMIC_NO_PIC = NO;
				GCC_NO_COMMON_BLOCKS = YES;
				GCC_OPTIMIZATION_LEVEL = 0;
				GCC_PREPROCESSOR_DEFINITIONS = (
					"DEBUG=1",
					"$(inherited)",
				);
				GCC_WARN_64_TO_32_BIT_CONVERSION = YES;
				GCC_WARN_ABOUT_RETURN_TYPE = YES_ERROR;
				GCC_WARN_UNDECLARED_SELECTOR = YES;
				GCC_WARN_UNINITIALIZED_AUTOS = YES_AGGRESSIVE;
				GCC_WARN_UNUSED_FUNCTION = YES;
				GCC_WARN_UNUSED_VARIABLE = YES;
				IPHONEOS_DEPLOYMENT_TARGET = 9.0;
				MTL_ENABLE_DEBUG_INFO = YES;
				ONLY_ACTIVE_ARCH = YES;
				SDKROOT = iphoneos;
				SWIFT_OPTIMIZATION_LEVEL = "-Onone";
			};
			name = Debug;
		};
		D53458431B842C1A002F5326 /* Release */ = {
			isa = XCBuildConfiguration;
			buildSettings = {
				ALWAYS_SEARCH_USER_PATHS = NO;
				CLANG_CXX_LANGUAGE_STANDARD = "gnu++0x";
				CLANG_CXX_LIBRARY = "libc++";
				CLANG_ENABLE_MODULES = YES;
				CLANG_ENABLE_OBJC_ARC = YES;
				CLANG_WARN_BOOL_CONVERSION = YES;
				CLANG_WARN_CONSTANT_CONVERSION = YES;
				CLANG_WARN_DIRECT_OBJC_ISA_USAGE = YES_ERROR;
				CLANG_WARN_EMPTY_BODY = YES;
				CLANG_WARN_ENUM_CONVERSION = YES;
				CLANG_WARN_INT_CONVERSION = YES;
				CLANG_WARN_OBJC_ROOT_CLASS = YES_ERROR;
				CLANG_WARN_UNREACHABLE_CODE = YES;
				CLANG_WARN__DUPLICATE_METHOD_MATCH = YES;
				"CODE_SIGN_IDENTITY[sdk=iphoneos*]" = "iPhone Developer";
				COPY_PHASE_STRIP = NO;
				DEBUG_INFORMATION_FORMAT = "dwarf-with-dsym";
				ENABLE_NS_ASSERTIONS = NO;
				ENABLE_STRICT_OBJC_MSGSEND = YES;
				GCC_C_LANGUAGE_STANDARD = gnu99;
				GCC_NO_COMMON_BLOCKS = YES;
				GCC_WARN_64_TO_32_BIT_CONVERSION = YES;
				GCC_WARN_ABOUT_RETURN_TYPE = YES_ERROR;
				GCC_WARN_UNDECLARED_SELECTOR = YES;
				GCC_WARN_UNINITIALIZED_AUTOS = YES_AGGRESSIVE;
				GCC_WARN_UNUSED_FUNCTION = YES;
				GCC_WARN_UNUSED_VARIABLE = YES;
				IPHONEOS_DEPLOYMENT_TARGET = 9.0;
				MTL_ENABLE_DEBUG_INFO = NO;
				SDKROOT = iphoneos;
				VALIDATE_PRODUCT = YES;
			};
			name = Release;
		};
		D53458451B842C1A002F5326 /* Debug */ = {
			isa = XCBuildConfiguration;
			buildSettings = {
				ASSETCATALOG_COMPILER_APPICON_NAME = AppIcon;
				INFOPLIST_FILE = "The Guessing Game/Info.plist";
				LD_RUNPATH_SEARCH_PATHS = "$(inherited) @executable_path/Frameworks";
				PRODUCT_BUNDLE_IDENTIFIER = "com.TheRohanSachdev.The-Guessing-Game";
				PRODUCT_NAME = "$(TARGET_NAME)";
			};
			name = Debug;
		};
		D53458461B842C1A002F5326 /* Release */ = {
			isa = XCBuildConfiguration;
			buildSettings = {
				ASSETCATALOG_COMPILER_APPICON_NAME = AppIcon;
				INFOPLIST_FILE = "The Guessing Game/Info.plist";
				LD_RUNPATH_SEARCH_PATHS = "$(inherited) @executable_path/Frameworks";
				PRODUCT_BUNDLE_IDENTIFIER = "com.TheRohanSachdev.The-Guessing-Game";
				PRODUCT_NAME = "$(TARGET_NAME)";
			};
			name = Release;
		};
/* End XCBuildConfiguration section */

/* Begin XCConfigurationList section */
		D534582D1B842C1A002F5326 /* Build configuration list for PBXProject "The Guessing Game" */ = {
			isa = XCConfigurationList;
			buildConfigurations = (
				D53458421B842C1A002F5326 /* Debug */,
				D53458431B842C1A002F5326 /* Release */,
			);
			defaultConfigurationIsVisible = 0;
			defaultConfigurationName = Release;
		};
		D53458441B842C1A002F5326 /* Build configuration list for PBXNativeTarget "The Guessing Game" */ = {
			isa = XCConfigurationList;
			buildConfigurations = (
				D53458451B842C1A002F5326 /* Debug */,
				D53458461B842C1A002F5326 /* Release */,
			);
			defaultConfigurationIsVisible = 0;
		};
/* End XCConfigurationList section */
	};
	rootObject = D534582A1B842C1A002F5326 /* Project object */;
}
